
Microsoft Visual Studio Solution File, Format Version 12.00
Project("{FAE04EC0-301F-11D3-BF4B-00C04F79EFBC}") = "DBMS", "DBMS\DBMS.csproj", "{2E039C47-6E2C-4A8A-BD35-33C235DCE696}"
EndProject
Project("{FAE04EC0-301F-11D3-BF4B-00C04F79EFBC}") = "UnitTests", "UnitTests\UnitTests.csproj", "{F0FDCC78-DB7B-45D5-BB38-D97996F87DC7}"
EndProject
Project("{FAE04EC0-301F-11D3-BF4B-00C04F79EFBC}") = "DBMS_MVC", "DBMS_MVC\DBMS_MVC.csproj", "{0AE03940-95C8-4E65-B148-14E591585283}"
EndProject
Global
	GlobalSection(SolutionConfigurationPlatforms) = preSolution
		Debug|Any CPU = Debug|Any CPU
		Release|Any CPU = Release|Any CPU
	EndGlobalSection
	GlobalSection(ProjectConfigurationPlatforms) = postSolution
		{2E039C47-6E2C-4A8A-BD35-33C235DCE696}.Debug|Any CPU.ActiveCfg = Debug|Any CPU
		{2E039C47-6E2C-4A8A-BD35-33C235DCE696}.Debug|Any CPU.Build.0 = Debug|Any CPU
		{2E039C47-6E2C-4A8A-BD35-33C235DCE696}.Release|Any CPU.ActiveCfg = Release|Any CPU
		{2E039C47-6E2C-4A8A-BD35-33C235DCE696}.Release|Any CPU.Build.0 = Release|Any CPU
		{F0FDCC78-DB7B-45D5-BB38-D97996F87DC7}.Debug|Any CPU.ActiveCfg = Debug|Any CPU
		{F0FDCC78-DB7B-45D5-BB38-D97996F87DC7}.Debug|Any CPU.Build.0 = Debug|Any CPU
		{F0FDCC78-DB7B-45D5-BB38-D97996F87DC7}.Release|Any CPU.ActiveCfg = Release|Any CPU
		{F0FDCC78-DB7B-45D5-BB38-D97996F87DC7}.Release|Any CPU.Build.0 = Release|Any CPU
		{0AE03940-95C8-4E65-B148-14E591585283}.Debug|Any CPU.ActiveCfg = Debug|Any CPU
		{0AE03940-95C8-4E65-B148-14E591585283}.Debug|Any CPU.Build.0 = Debug|Any CPU
		{0AE03940-95C8-4E65-B148-14E591585283}.Release|Any CPU.ActiveCfg = Release|Any CPU
		{0AE03940-95C8-4E65-B148-14E591585283}.Release|Any CPU.Build.0 = Release|Any CPU
	EndGlobalSection
EndGlobal
